
Microsoft Visual Studio Solution File, Format Version 12.00
# Visual Studio Version 17
VisualStudioVersion = 17.5.33502.453
MinimumVisualStudioVersion = 10.0.40219.1
Project("{FAE04EC0-301F-11D3-BF4B-00C04F79EFBC}") = "SeleniumFramework", "SeleniumFramework\SeleniumFramework.csproj", "{C1AC3E65-C9DA-4198-AFCB-471503EDA318}"
EndProject
Project("{FAE04EC0-301F-11D3-BF4B-00C04F79EFBC}") = "SeleniumTests", "SeleniumTests\SeleniumTests.csproj", "{FE7B212F-56AE-4187-A179-BDEF17840544}"
EndProject
Global
	GlobalSection(SolutionConfigurationPlatforms) = preSolution
		Debug|Any CPU = Debug|Any CPU
		Release|Any CPU = Release|Any CPU
	EndGlobalSection
	GlobalSection(ProjectConfigurationPlatforms) = postSolution
		{C1AC3E65-C9DA-4198-AFCB-471503EDA318}.Debug|Any CPU.ActiveCfg = Debug|Any CPU
		{C1AC3E65-C9DA-4198-AFCB-471503EDA318}.Debug|Any CPU.Build.0 = Debug|Any CPU
		{C1AC3E65-C9DA-4198-AFCB-471503EDA318}.Release|Any CPU.ActiveCfg = Release|Any CPU
		{C1AC3E65-C9DA-4198-AFCB-471503EDA318}.Release|Any CPU.Build.0 = Release|Any CPU
		{FE7B212F-56AE-4187-A179-BDEF17840544}.Debug|Any CPU.ActiveCfg = Debug|Any CPU
		{FE7B212F-56AE-4187-A179-BDEF17840544}.Debug|Any CPU.Build.0 = Debug|Any CPU
		{FE7B212F-56AE-4187-A179-BDEF17840544}.Release|Any CPU.ActiveCfg = Release|Any CPU
		{FE7B212F-56AE-4187-A179-BDEF17840544}.Release|Any CPU.Build.0 = Release|Any CPU
	EndGlobalSection
	GlobalSection(SolutionProperties) = preSolution
		HideSolutionNode = FALSE
	EndGlobalSection
	GlobalSection(ExtensibilityGlobals) = postSolution
		SolutionGuid = {91D67E1B-BB79-44F9-9F6C-15DDFD218949}
	EndGlobalSection
EndGlobal
